
Microsoft Visual Studio Solution File, Format Version 12.00
# Visual Studio Version 16
VisualStudioVersion = 16.0.29709.97
MinimumVisualStudioVersion = 10.0.40219.1
Project("{FAE04EC0-301F-11D3-BF4B-00C04F79EFBC}") = "TmdbService.Libs", "TmdbService.Libs\TmdbService.Libs.csproj", "{418E9FB6-CE44-4D05-A0E9-C1A4F2C1B04C}"
EndProject
Project("{9A19103F-16F7-4668-BE54-9A1E7A4F7556}") = "TmdbService", "TmdbService\TmdbService.csproj", "{B3995A98-24ED-4EA2-B093-C0E939BE4CED}"
EndProject
Global
	GlobalSection(SolutionConfigurationPlatforms) = preSolution
		Debug|Any CPU = Debug|Any CPU
		Release|Any CPU = Release|Any CPU
	EndGlobalSection
	GlobalSection(ProjectConfigurationPlatforms) = postSolution
		{418E9FB6-CE44-4D05-A0E9-C1A4F2C1B04C}.Debug|Any CPU.ActiveCfg = Debug|Any CPU
		{418E9FB6-CE44-4D05-A0E9-C1A4F2C1B04C}.Debug|Any CPU.Build.0 = Debug|Any CPU
		{418E9FB6-CE44-4D05-A0E9-C1A4F2C1B04C}.Release|Any CPU.ActiveCfg = Release|Any CPU
		{418E9FB6-CE44-4D05-A0E9-C1A4F2C1B04C}.Release|Any CPU.Build.0 = Release|Any CPU
		{B3995A98-24ED-4EA2-B093-C0E939BE4CED}.Debug|Any CPU.ActiveCfg = Debug|Any CPU
		{B3995A98-24ED-4EA2-B093-C0E939BE4CED}.Debug|Any CPU.Build.0 = Debug|Any CPU
		{B3995A98-24ED-4EA2-B093-C0E939BE4CED}.Release|Any CPU.ActiveCfg = Release|Any CPU
		{B3995A98-24ED-4EA2-B093-C0E939BE4CED}.Release|Any CPU.Build.0 = Release|Any CPU
	EndGlobalSection
	GlobalSection(SolutionProperties) = preSolution
		HideSolutionNode = FALSE
	EndGlobalSection
	GlobalSection(ExtensibilityGlobals) = postSolution
		SolutionGuid = {4D0E8036-9D2F-4E05-984E-9A8DD71973FF}
	EndGlobalSection
EndGlobal
